
Microsoft Visual Studio Solution File, Format Version 12.00
# Visual Studio Version 17
VisualStudioVersion = 17.14.36414.22
MinimumVisualStudioVersion = 10.0.40219.1
Project("{FAE04EC0-301F-11D3-BF4B-00C04F79EFBC}") = "Tyuiu.KovalenkoMA.Sprint7.V2", "Tyuiu.KovalenkoMA.Sprint7.V2\Tyuiu.KovalenkoMA.Sprint7.V2.csproj", "{C58D3F56-8DB8-4026-B23F-25FB27653CFF}"
EndProject
Project("{FAE04EC0-301F-11D3-BF4B-00C04F79EFBC}") = "Tyuiu.KovalenkoMA.Sprint7.V2.Lib", "Tyuiu.KovalenkoMA.Sprint7.V2.Lib\Tyuiu.KovalenkoMA.Sprint7.V2.Lib.csproj", "{CFFAD5CB-B1C2-4CDE-B9B5-3213EC8A54BD}"
EndProject
Project("{FAE04EC0-301F-11D3-BF4B-00C04F79EFBC}") = "Tyuiu.KovalenkoMA.Sprint7.V2.Test", "Tyuiu.KovalenkoMA.Sprint7.V2.Test\Tyuiu.KovalenkoMA.Sprint7.V2.Test.csproj", "{06AAB573-F137-495D-AA75-9C3B5D4D7567}"
EndProject
Global
	GlobalSection(SolutionConfigurationPlatforms) = preSolution
		Debug|Any CPU = Debug|Any CPU
		Release|Any CPU = Release|Any CPU
	EndGlobalSection
	GlobalSection(ProjectConfigurationPlatforms) = postSolution
		{C58D3F56-8DB8-4026-B23F-25FB27653CFF}.Debug|Any CPU.ActiveCfg = Debug|Any CPU
		{C58D3F56-8DB8-4026-B23F-25FB27653CFF}.Debug|Any CPU.Build.0 = Debug|Any CPU
		{C58D3F56-8DB8-4026-B23F-25FB27653CFF}.Release|Any CPU.ActiveCfg = Release|Any CPU
		{C58D3F56-8DB8-4026-B23F-25FB27653CFF}.Release|Any CPU.Build.0 = Release|Any CPU
		{CFFAD5CB-B1C2-4CDE-B9B5-3213EC8A54BD}.Debug|Any CPU.ActiveCfg = Debug|Any CPU
		{CFFAD5CB-B1C2-4CDE-B9B5-3213EC8A54BD}.Debug|Any CPU.Build.0 = Debug|Any CPU
		{CFFAD5CB-B1C2-4CDE-B9B5-3213EC8A54BD}.Release|Any CPU.ActiveCfg = Release|Any CPU
		{CFFAD5CB-B1C2-4CDE-B9B5-3213EC8A54BD}.Release|Any CPU.Build.0 = Release|Any CPU
		{06AAB573-F137-495D-AA75-9C3B5D4D7567}.Debug|Any CPU.ActiveCfg = Debug|Any CPU
		{06AAB573-F137-495D-AA75-9C3B5D4D7567}.Debug|Any CPU.Build.0 = Debug|Any CPU
		{06AAB573-F137-495D-AA75-9C3B5D4D7567}.Release|Any CPU.ActiveCfg = Release|Any CPU
		{06AAB573-F137-495D-AA75-9C3B5D4D7567}.Release|Any CPU.Build.0 = Release|Any CPU
	EndGlobalSection
	GlobalSection(SolutionProperties) = preSolution
		HideSolutionNode = FALSE
	EndGlobalSection
	GlobalSection(ExtensibilityGlobals) = postSolution
		SolutionGuid = {3B4710D4-4E38-4405-9538-5397073ABC7E}
	EndGlobalSection
EndGlobal
